
Microsoft Visual Studio Solution File, Format Version 12.00
# Visual Studio Version 16
VisualStudioVersion = 16.0.29905.134
MinimumVisualStudioVersion = 10.0.40219.1
Project("{9A19103F-16F7-4668-BE54-9A1E7A4F7556}") = "iterator", "iterator.csproj", "{16C974B5-303F-43F0-A3A3-85111AD68A03}"
EndProject
Global
	GlobalSection(SolutionConfigurationPlatforms) = preSolution
		Debug|Any CPU = Debug|Any CPU
		Release|Any CPU = Release|Any CPU
	EndGlobalSection
	GlobalSection(ProjectConfigurationPlatforms) = postSolution
		{16C974B5-303F-43F0-A3A3-85111AD68A03}.Debug|Any CPU.ActiveCfg = Debug|Any CPU
		{16C974B5-303F-43F0-A3A3-85111AD68A03}.Debug|Any CPU.Build.0 = Debug|Any CPU
		{16C974B5-303F-43F0-A3A3-85111AD68A03}.Release|Any CPU.ActiveCfg = Release|Any CPU
		{16C974B5-303F-43F0-A3A3-85111AD68A03}.Release|Any CPU.Build.0 = Release|Any CPU
	EndGlobalSection
	GlobalSection(SolutionProperties) = preSolution
		HideSolutionNode = FALSE
	EndGlobalSection
	GlobalSection(ExtensibilityGlobals) = postSolution
		SolutionGuid = {B5280771-C9CD-41E8-8E57-257E9FE0844D}
	EndGlobalSection
EndGlobal
